// !$*UTF8*$!
{
	archiveVersion = 1;
	classes = {
	};
	objectVersion = 56;
	objects = {

/* Begin PBXBuildFile section */
		C1AC7513299E148A0031D273 /* AppDelegate.swift in Sources */ = {isa = PBXBuildFile; fileRef = C1AC7512299E148A0031D273 /* AppDelegate.swift */; };
		C1AC7515299E148A0031D273 /* SceneDelegate.swift in Sources */ = {isa = PBXBuildFile; fileRef = C1AC7514299E148A0031D273 /* SceneDelegate.swift */; };
		C1AC7517299E148A0031D273 /* ViewController.swift in Sources */ = {isa = PBXBuildFile; fileRef = C1AC7516299E148A0031D273 /* ViewController.swift */; };
		C1AC751A299E148A0031D273 /* Main.storyboard in Resources */ = {isa = PBXBuildFile; fileRef = C1AC7518299E148A0031D273 /* Main.storyboard */; };
		C1AC751C299E148C0031D273 /* Assets.xcassets in Resources */ = {isa = PBXBuildFile; fileRef = C1AC751B299E148C0031D273 /* Assets.xcassets */; };
		C1AC751F299E148C0031D273 /* LaunchScreen.storyboard in Resources */ = {isa = PBXBuildFile; fileRef = C1AC751D299E148C0031D273 /* LaunchScreen.storyboard */; };
		C1AC752A299E148C0031D273 /* TestPhoneVerificationTests.swift in Sources */ = {isa = PBXBuildFile; fileRef = C1AC7529299E148C0031D273 /* TestPhoneVerificationTests.swift */; };
		C1AC7534299E148C0031D273 /* TestPhoneVerificationUITests.swift in Sources */ = {isa = PBXBuildFile; fileRef = C1AC7533299E148C0031D273 /* TestPhoneVerificationUITests.swift */; };
		C1AC7536299E148C0031D273 /* TestPhoneVerificationUITestsLaunchTests.swift in Sources */ = {isa = PBXBuildFile; fileRef = C1AC7535299E148C0031D273 /* TestPhoneVerificationUITestsLaunchTests.swift */; };
		C1AC7546299E152A0031D273 /* CustomWKWebView.m in Sources */ = {isa = PBXBuildFile; fileRef = C1AC7545299E152A0031D273 /* CustomWKWebView.m */; };
		C1AC7549299E15390031D273 /* UIWebViewGuide.m in Sources */ = {isa = PBXBuildFile; fileRef = C1AC7548299E15390031D273 /* UIWebViewGuide.m */; };
/* End PBXBuildFile section */

/* Begin PBXContainerItemProxy section */
		C1AC7526299E148C0031D273 /* PBXContainerItemProxy */ = {
			isa = PBXContainerItemProxy;
			containerPortal = C1AC7507299E148A0031D273 /* Project object */;
			proxyType = 1;
			remoteGlobalIDString = C1AC750E299E148A0031D273;
			remoteInfo = TestPhoneVerification;
		};
		C1AC7530299E148C0031D273 /* PBXContainerItemProxy */ = {
			isa = PBXContainerItemProxy;
			containerPortal = C1AC7507299E148A0031D273 /* Project object */;
			proxyType = 1;
			remoteGlobalIDString = C1AC750E299E148A0031D273;
			remoteInfo = TestPhoneVerification;
		};
/* End PBXContainerItemProxy section */

/* Begin PBXFileReference section */
		C1AC750F299E148A0031D273 /* TestPhoneVerification.app */ = {isa = PBXFileReference; explicitFileType = wrapper.application; includeInIndex = 0; path = TestPhoneVerification.app; sourceTree = BUILT_PRODUCTS_DIR; };
		C1AC7512299E148A0031D273 /* AppDelegate.swift */ = {isa = PBXFileReference; lastKnownFileType = sourcecode.swift; path = AppDelegate.swift; sourceTree = "<group>"; };
		C1AC7514299E148A0031D273 /* SceneDelegate.swift */ = {isa = PBXFileReference; lastKnownFileType = sourcecode.swift; path = SceneDelegate.swift; sourceTree = "<group>"; };
		C1AC7516299E148A0031D273 /* ViewController.swift */ = {isa = PBXFileReference; lastKnownFileType = sourcecode.swift; path = ViewController.swift; sourceTree = "<group>"; };
		C1AC7519299E148A0031D273 /* Base */ = {isa = PBXFileReference; lastKnownFileType = file.storyboard; name = Base; path = Base.lproj/Main.storyboard; sourceTree = "<group>"; };
		C1AC751B299E148C0031D273 /* Assets.xcassets */ = {isa = PBXFileReference; lastKnownFileType = folder.assetcatalog; path = Assets.xcassets; sourceTree = "<group>"; };
		C1AC751E299E148C0031D273 /* Base */ = {isa = PBXFileReference; lastKnownFileType = file.storyboard; name = Base; path = Base.lproj/LaunchScreen.storyboard; sourceTree = "<group>"; };
		C1AC7520299E148C0031D273 /* Info.plist */ = {isa = PBXFileReference; lastKnownFileType = text.plist.xml; path = Info.plist; sourceTree = "<group>"; };
		C1AC7525299E148C0031D273 /* TestPhoneVerificationTests.xctest */ = {isa = PBXFileReference; explicitFileType = wrapper.cfbundle; includeInIndex = 0; path = TestPhoneVerificationTests.xctest; sourceTree = BUILT_PRODUCTS_DIR; };
		C1AC7529299E148C0031D273 /* TestPhoneVerificationTests.swift */ = {isa = PBXFileReference; lastKnownFileType = sourcecode.swift; path = TestPhoneVerificationTests.swift; sourceTree = "<group>"; };
		C1AC752F299E148C0031D273 /* TestPhoneVerificationUITests.xctest */ = {isa = PBXFileReference; explicitFileType = wrapper.cfbundle; includeInIndex = 0; path = TestPhoneVerificationUITests.xctest; sourceTree = BUILT_PRODUCTS_DIR; };
		C1AC7533299E148C0031D273 /* TestPhoneVerificationUITests.swift */ = {isa = PBXFileReference; lastKnownFileType = sourcecode.swift; path = TestPhoneVerificationUITests.swift; sourceTree = "<group>"; };
		C1AC7535299E148C0031D273 /* TestPhoneVerificationUITestsLaunchTests.swift */ = {isa = PBXFileReference; lastKnownFileType = sourcecode.swift; path = TestPhoneVerificationUITestsLaunchTests.swift; sourceTree = "<group>"; };
		C1AC7543299E15220031D273 /* CustomWKWebView.h */ = {isa = PBXFileReference; lastKnownFileType = sourcecode.c.h; path = CustomWKWebView.h; sourceTree = "<group>"; };
		C1AC7544299E15290031D273 /* TestPhoneVerification-Bridging-Header.h */ = {isa = PBXFileReference; lastKnownFileType = sourcecode.c.h; path = "TestPhoneVerification-Bridging-Header.h"; sourceTree = "<group>"; };
		C1AC7545299E152A0031D273 /* CustomWKWebView.m */ = {isa = PBXFileReference; fileEncoding = 4; lastKnownFileType = sourcecode.c.objc; path = CustomWKWebView.m; sourceTree = "<group>"; };
		C1AC7547299E15320031D273 /* UIWebVIewGuide.h */ = {isa = PBXFileReference; lastKnownFileType = sourcecode.c.h; path = UIWebVIewGuide.h; sourceTree = "<group>"; };
		C1AC7548299E15390031D273 /* UIWebViewGuide.m */ = {isa = PBXFileReference; fileEncoding = 4; lastKnownFileType = sourcecode.c.objc; path = UIWebViewGuide.m; sourceTree = "<group>"; };
/* End PBXFileReference section */

/* Begin PBXFrameworksBuildPhase section */
		C1AC750C299E148A0031D273 /* Frameworks */ = {
			isa = PBXFrameworksBuildPhase;
			buildActionMask = 2147483647;
			files = (
			);
			runOnlyForDeploymentPostprocessing = 0;
		};
		C1AC7522299E148C0031D273 /* Frameworks */ = {
			isa = PBXFrameworksBuildPhase;
			buildActionMask = 2147483647;
			files = (
			);
			runOnlyForDeploymentPostprocessing = 0;
		};
		C1AC752C299E148C0031D273 /* Frameworks */ = {
			isa = PBXFrameworksBuildPhase;
			buildActionMask = 2147483647;
			files = (
			);
			runOnlyForDeploymentPostprocessing = 0;
		};
/* End PBXFrameworksBuildPhase section */

/* Begin PBXGroup section */
		C1AC7506299E148A0031D273 = {
			isa = PBXGroup;
			children = (
				C1AC7511299E148A0031D273 /* TestPhoneVerification */,
				C1AC7528299E148C0031D273 /* TestPhoneVerificationTests */,
				C1AC7532299E148C0031D273 /* TestPhoneVerificationUITests */,
				C1AC7510299E148A0031D273 /* Products */,
			);
			sourceTree = "<group>";
		};
		C1AC7510299E148A0031D273 /* Products */ = {
			isa = PBXGroup;
			children = (
				C1AC750F299E148A0031D273 /* TestPhoneVerification.app */,
				C1AC7525299E148C0031D273 /* TestPhoneVerificationTests.xctest */,
				C1AC752F299E148C0031D273 /* TestPhoneVerificationUITests.xctest */,
			);
			name = Products;
			sourceTree = "<group>";
		};
		C1AC7511299E148A0031D273 /* TestPhoneVerification */ = {
			isa = PBXGroup;
			children = (
				C1AC7542299E14EF0031D273 /* Phone Verification */,
				C1AC7512299E148A0031D273 /* AppDelegate.swift */,
				C1AC7514299E148A0031D273 /* SceneDelegate.swift */,
				C1AC7516299E148A0031D273 /* ViewController.swift */,
				C1AC7518299E148A0031D273 /* Main.storyboard */,
				C1AC751B299E148C0031D273 /* Assets.xcassets */,
				C1AC751D299E148C0031D273 /* LaunchScreen.storyboard */,
				C1AC7520299E148C0031D273 /* Info.plist */,
			);
			path = TestPhoneVerification;
			sourceTree = "<group>";
		};
		C1AC7528299E148C0031D273 /* TestPhoneVerificationTests */ = {
			isa = PBXGroup;
			children = (
				C1AC7529299E148C0031D273 /* TestPhoneVerificationTests.swift */,
			);
			path = TestPhoneVerificationTests;
			sourceTree = "<group>";
		};
		C1AC7532299E148C0031D273 /* TestPhoneVerificationUITests */ = {
			isa = PBXGroup;
			children = (
				C1AC7533299E148C0031D273 /* TestPhoneVerificationUITests.swift */,
				C1AC7535299E148C0031D273 /* TestPhoneVerificationUITestsLaunchTests.swift */,
			);
			path = TestPhoneVerificationUITests;
			sourceTree = "<group>";
		};
		C1AC7542299E14EF0031D273 /* Phone Verification */ = {
			isa = PBXGroup;
			children = (
				C1AC7548299E15390031D273 /* UIWebViewGuide.m */,
				C1AC7547299E15320031D273 /* UIWebVIewGuide.h */,
				C1AC7543299E15220031D273 /* CustomWKWebView.h */,
				C1AC7545299E152A0031D273 /* CustomWKWebView.m */,
				C1AC7544299E15290031D273 /* TestPhoneVerification-Bridging-Header.h */,
			);
			path = "Phone Verification";
			sourceTree = "<group>";
		};
/* End PBXGroup section */

/* Begin PBXNativeTarget section */
		C1AC750E299E148A0031D273 /* TestPhoneVerification */ = {
			isa = PBXNativeTarget;
			buildConfigurationList = C1AC7539299E148C0031D273 /* Build configuration list for PBXNativeTarget "TestPhoneVerification" */;
			buildPhases = (
				C1AC750B299E148A0031D273 /* Sources */,
				C1AC750C299E148A0031D273 /* Frameworks */,
				C1AC750D299E148A0031D273 /* Resources */,
			);
			buildRules = (
			);
			dependencies = (
			);
			name = TestPhoneVerification;
			productName = TestPhoneVerification;
			productReference = C1AC750F299E148A0031D273 /* TestPhoneVerification.app */;
			productType = "com.apple.product-type.application";
		};
		C1AC7524299E148C0031D273 /* TestPhoneVerificationTests */ = {
			isa = PBXNativeTarget;
			buildConfigurationList = C1AC753C299E148C0031D273 /* Build configuration list for PBXNativeTarget "TestPhoneVerificationTests" */;
			buildPhases = (
				C1AC7521299E148C0031D273 /* Sources */,
				C1AC7522299E148C0031D273 /* Frameworks */,
				C1AC7523299E148C0031D273 /* Resources */,
			);
			buildRules = (
			);
			dependencies = (
				C1AC7527299E148C0031D273 /* PBXTargetDependency */,
			);
			name = TestPhoneVerificationTests;
			productName = TestPhoneVerificationTests;
			productReference = C1AC7525299E148C0031D273 /* TestPhoneVerificationTests.xctest */;
			productType = "com.apple.product-type.bundle.unit-test";
		};
		C1AC752E299E148C0031D273 /* TestPhoneVerificationUITests */ = {
			isa = PBXNativeTarget;
			buildConfigurationList = C1AC753F299E148C0031D273 /* Build configuration list for PBXNativeTarget "TestPhoneVerificationUITests" */;
			buildPhases = (
				C1AC752B299E148C0031D273 /* Sources */,
				C1AC752C299E148C0031D273 /* Frameworks */,
				C1AC752D299E148C0031D273 /* Resources */,
			);
			buildRules = (
			);
			dependencies = (
				C1AC7531299E148C0031D273 /* PBXTargetDependency */,
			);
			name = TestPhoneVerificationUITests;
			productName = TestPhoneVerificationUITests;
			productReference = C1AC752F299E148C0031D273 /* TestPhoneVerificationUITests.xctest */;
			productType = "com.apple.product-type.bundle.ui-testing";
		};
/* End PBXNativeTarget section */

/* Begin PBXProject section */
		C1AC7507299E148A0031D273 /* Project object */ = {
			isa = PBXProject;
			attributes = {
				BuildIndependentTargetsInParallel = 1;
				LastSwiftUpdateCheck = 1420;
				LastUpgradeCheck = 1420;
				TargetAttributes = {
					C1AC750E299E148A0031D273 = {
						CreatedOnToolsVersion = 14.2;
						LastSwiftMigration = 1420;
					};
					C1AC7524299E148C0031D273 = {
						CreatedOnToolsVersion = 14.2;
						TestTargetID = C1AC750E299E148A0031D273;
					};
					C1AC752E299E148C0031D273 = {
						CreatedOnToolsVersion = 14.2;
						TestTargetID = C1AC750E299E148A0031D273;
					};
				};
			};
			buildConfigurationList = C1AC750A299E148A0031D273 /* Build configuration list for PBXProject "TestPhoneVerification" */;
			compatibilityVersion = "Xcode 14.0";
			developmentRegion = en;
			hasScannedForEncodings = 0;
			knownRegions = (
				en,
				Base,
			);
			mainGroup = C1AC7506299E148A0031D273;
			productRefGroup = C1AC7510299E148A0031D273 /* Products */;
			projectDirPath = "";
			projectRoot = "";
			targets = (
				C1AC750E299E148A0031D273 /* TestPhoneVerification */,
				C1AC7524299E148C0031D273 /* TestPhoneVerificationTests */,
				C1AC752E299E148C0031D273 /* TestPhoneVerificationUITests */,
			);
		};
/* End PBXProject section */

/* Begin PBXResourcesBuildPhase section */
		C1AC750D299E148A0031D273 /* Resources */ = {
			isa = PBXResourcesBuildPhase;
			buildActionMask = 2147483647;
			files = (
				C1AC751F299E148C0031D273 /* LaunchScreen.storyboard in Resources */,
				C1AC751C299E148C0031D273 /* Assets.xcassets in Resources */,
				C1AC751A299E148A0031D273 /* Main.storyboard in Resources */,
			);
			runOnlyForDeploymentPostprocessing = 0;
		};
		C1AC7523299E148C0031D273 /* Resources */ = {
			isa = PBXResourcesBuildPhase;
			buildActionMask = 2147483647;
			files = (
			);
			runOnlyForDeploymentPostprocessing = 0;
		};
		C1AC752D299E148C0031D273 /* Resources */ = {
			isa = PBXResourcesBuildPhase;
			buildActionMask = 2147483647;
			files = (
			);
			runOnlyForDeploymentPostprocessing = 0;
		};
/* End PBXResourcesBuildPhase section */

/* Begin PBXSourcesBuildPhase section */
		C1AC750B299E148A0031D273 /* Sources */ = {
			isa = PBXSourcesBuildPhase;
			buildActionMask = 2147483647;
			files = (
				C1AC7517299E148A0031D273 /* ViewController.swift in Sources */,
				C1AC7549299E15390031D273 /* UIWebViewGuide.m in Sources */,
				C1AC7513299E148A0031D273 /* AppDelegate.swift in Sources */,
				C1AC7546299E152A0031D273 /* CustomWKWebView.m in Sources */,
				C1AC7515299E148A0031D273 /* SceneDelegate.swift in Sources */,
			);
			runOnlyForDeploymentPostprocessing = 0;
		};
		C1AC7521299E148C0031D273 /* Sources */ = {
			isa = PBXSourcesBuildPhase;
			buildActionMask = 2147483647;
			files = (
				C1AC752A299E148C0031D273 /* TestPhoneVerificationTests.swift in Sources */,
			);
			runOnlyForDeploymentPostprocessing = 0;
		};
		C1AC752B299E148C0031D273 /* Sources */ = {
			isa = PBXSourcesBuildPhase;
			buildActionMask = 2147483647;
			files = (
				C1AC7536299E148C0031D273 /* TestPhoneVerificationUITestsLaunchTests.swift in Sources */,
				C1AC7534299E148C0031D273 /* TestPhoneVerificationUITests.swift in Sources */,
			);
			runOnlyForDeploymentPostprocessing = 0;
		};
/* End PBXSourcesBuildPhase section */

/* Begin PBXTargetDependency section */
		C1AC7527299E148C0031D273 /* PBXTargetDependency */ = {
			isa = PBXTargetDependency;
			target = C1AC750E299E148A0031D273 /* TestPhoneVerification */;
			targetProxy = C1AC7526299E148C0031D273 /* PBXContainerItemProxy */;
		};
		C1AC7531299E148C0031D273 /* PBXTargetDependency */ = {
			isa = PBXTargetDependency;
			target = C1AC750E299E148A0031D273 /* TestPhoneVerification */;
			targetProxy = C1AC7530299E148C0031D273 /* PBXContainerItemProxy */;
		};
/* End PBXTargetDependency section */

/* Begin PBXVariantGroup section */
		C1AC7518299E148A0031D273 /* Main.storyboard */ = {
			isa = PBXVariantGroup;
			children = (
				C1AC7519299E148A0031D273 /* Base */,
			);
			name = Main.storyboard;
			sourceTree = "<group>";
		};
		C1AC751D299E148C0031D273 /* LaunchScreen.storyboard */ = {
			isa = PBXVariantGroup;
			children = (
				C1AC751E299E148C0031D273 /* Base */,
			);
			name = LaunchScreen.storyboard;
			sourceTree = "<group>";
		};
/* End PBXVariantGroup section */

/* Begin XCBuildConfiguration section */
		C1AC7537299E148C0031D273 /* Debug */ = {
			isa = XCBuildConfiguration;
			buildSettings = {
				ALWAYS_SEARCH_USER_PATHS = NO;
				CLANG_ANALYZER_NONNULL = YES;
				CLANG_ANALYZER_NUMBER_OBJECT_CONVERSION = YES_AGGRESSIVE;
				CLANG_CXX_LANGUAGE_STANDARD = "gnu++20";
				CLANG_ENABLE_MODULES = YES;
				CLANG_ENABLE_OBJC_ARC = YES;
				CLANG_ENABLE_OBJC_WEAK = YES;
				CLANG_WARN_BLOCK_CAPTURE_AUTORELEASING = YES;
				CLANG_WARN_BOOL_CONVERSION = YES;
				CLANG_WARN_COMMA = YES;
				CLANG_WARN_CONSTANT_CONVERSION = YES;
				CLANG_WARN_DEPRECATED_OBJC_IMPLEMENTATIONS = YES;
				CLANG_WARN_DIRECT_OBJC_ISA_USAGE = YES_ERROR;
				CLANG_WARN_DOCUMENTATION_COMMENTS = YES;
				CLANG_WARN_EMPTY_BODY = YES;
				CLANG_WARN_ENUM_CONVERSION = YES;
				CLANG_WARN_INFINITE_RECURSION = YES;
				CLANG_WARN_INT_CONVERSION = YES;
				CLANG_WARN_NON_LITERAL_NULL_CONVERSION = YES;
				CLANG_WARN_OBJC_IMPLICIT_RETAIN_SELF = YES;
				CLANG_WARN_OBJC_LITERAL_CONVERSION = YES;
				CLANG_WARN_OBJC_ROOT_CLASS = YES_ERROR;
				CLANG_WARN_QUOTED_INCLUDE_IN_FRAMEWORK_HEADER = YES;
				CLANG_WARN_RANGE_LOOP_ANALYSIS = YES;
				CLANG_WARN_STRICT_PROTOTYPES = YES;
				CLANG_WARN_SUSPICIOUS_MOVE = YES;
				CLANG_WARN_UNGUARDED_AVAILABILITY = YES_AGGRESSIVE;
				CLANG_WARN_UNREACHABLE_CODE = YES;
				CLANG_WARN__DUPLICATE_METHOD_MATCH = YES;
				COPY_PHASE_STRIP = NO;
				DEBUG_INFORMATION_FORMAT = dwarf;
				ENABLE_STRICT_OBJC_MSGSEND = YES;
				ENABLE_TESTABILITY = YES;
				GCC_C_LANGUAGE_STANDARD = gnu11;
				GCC_DYNAMIC_NO_PIC = NO;
				GCC_NO_COMMON_BLOCKS = YES;
				GCC_OPTIMIZATION_LEVEL = 0;
				GCC_PREPROCESSOR_DEFINITIONS = (
					"DEBUG=1",
					"$(inherited)",
				);
				GCC_WARN_64_TO_32_BIT_CONVERSION = YES;
				GCC_WARN_ABOUT_RETURN_TYPE = YES_ERROR;
				GCC_WARN_UNDECLARED_SELECTOR = YES;
				GCC_WARN_UNINITIALIZED_AUTOS = YES_AGGRESSIVE;
				GCC_WARN_UNUSED_FUNCTION = YES;
				GCC_WARN_UNUSED_VARIABLE = YES;
				IPHONEOS_DEPLOYMENT_TARGET = 16.2;
				MTL_ENABLE_DEBUG_INFO = INCLUDE_SOURCE;
				MTL_FAST_MATH = YES;
				ONLY_ACTIVE_ARCH = YES;
				SDKROOT = iphoneos;
				SWIFT_ACTIVE_COMPILATION_CONDITIONS = DEBUG;
				SWIFT_OPTIMIZATION_LEVEL = "-Onone";
			};
			name = Debug;
		};
		C1AC7538299E148C0031D273 /* Release */ = {
			isa = XCBuildConfiguration;
			buildSettings = {
				ALWAYS_SEARCH_USER_PATHS = NO;
				CLANG_ANALYZER_NONNULL = YES;
				CLANG_ANALYZER_NUMBER_OBJECT_CONVERSION = YES_AGGRESSIVE;
				CLANG_CXX_LANGUAGE_STANDARD = "gnu++20";
				CLANG_ENABLE_MODULES = YES;
				CLANG_ENABLE_OBJC_ARC = YES;
				CLANG_ENABLE_OBJC_WEAK = YES;
				CLANG_WARN_BLOCK_CAPTURE_AUTORELEASING = YES;
				CLANG_WARN_BOOL_CONVERSION = YES;
				CLANG_WARN_COMMA = YES;
				CLANG_WARN_CONSTANT_CONVERSION = YES;
				CLANG_WARN_DEPRECATED_OBJC_IMPLEMENTATIONS = YES;
				CLANG_WARN_DIRECT_OBJC_ISA_USAGE = YES_ERROR;
				CLANG_WARN_DOCUMENTATION_COMMENTS = YES;
				CLANG_WARN_EMPTY_BODY = YES;
				CLANG_WARN_ENUM_CONVERSION = YES;
				CLANG_WARN_INFINITE_RECURSION = YES;
				CLANG_WARN_INT_CONVERSION = YES;
				CLANG_WARN_NON_LITERAL_NULL_CONVERSION = YES;
				CLANG_WARN_OBJC_IMPLICIT_RETAIN_SELF = YES;
				CLANG_WARN_OBJC_LITERAL_CONVERSION = YES;
				CLANG_WARN_OBJC_ROOT_CLASS = YES_ERROR;
				CLANG_WARN_QUOTED_INCLUDE_IN_FRAMEWORK_HEADER = YES;
				CLANG_WARN_RANGE_LOOP_ANALYSIS = YES;
				CLANG_WARN_STRICT_PROTOTYPES = YES;
				CLANG_WARN_SUSPICIOUS_MOVE = YES;
				CLANG_WARN_UNGUARDED_AVAILABILITY = YES_AGGRESSIVE;
				CLANG_WARN_UNREACHABLE_CODE = YES;
				CLANG_WARN__DUPLICATE_METHOD_MATCH = YES;
				COPY_PHASE_STRIP = NO;
				DEBUG_INFORMATION_FORMAT = "dwarf-with-dsym";
				ENABLE_NS_ASSERTIONS = NO;
				ENABLE_STRICT_OBJC_MSGSEND = YES;
				GCC_C_LANGUAGE_STANDARD = gnu11;
				GCC_NO_COMMON_BLOCKS = YES;
				GCC_WARN_64_TO_32_BIT_CONVERSION = YES;
				GCC_WARN_ABOUT_RETURN_TYPE = YES_ERROR;
				GCC_WARN_UNDECLARED_SELECTOR = YES;
				GCC_WARN_UNINITIALIZED_AUTOS = YES_AGGRESSIVE;
				GCC_WARN_UNUSED_FUNCTION = YES;
				GCC_WARN_UNUSED_VARIABLE = YES;
				IPHONEOS_DEPLOYMENT_TARGET = 16.2;
				MTL_ENABLE_DEBUG_INFO = NO;
				MTL_FAST_MATH = YES;
				SDKROOT = iphoneos;
				SWIFT_COMPILATION_MODE = wholemodule;
				SWIFT_OPTIMIZATION_LEVEL = "-O";
				VALIDATE_PRODUCT = YES;
			};
			name = Release;
		};
		C1AC753A299E148C0031D273 /* Debug */ = {
			isa = XCBuildConfiguration;
			buildSettings = {
				ASSETCATALOG_COMPILER_APPICON_NAME = AppIcon;
				ASSETCATALOG_COMPILER_GLOBAL_ACCENT_COLOR_NAME = AccentColor;
				CLANG_ENABLE_MODULES = YES;
				CODE_SIGN_IDENTITY = "Apple Development";
				CODE_SIGN_STYLE = Automatic;
				CURRENT_PROJECT_VERSION = 1;
				DEVELOPMENT_TEAM = AA3GYJR89P;
				GENERATE_INFOPLIST_FILE = YES;
				INFOPLIST_FILE = TestPhoneVerification/Info.plist;
				INFOPLIST_KEY_UIApplicationSupportsIndirectInputEvents = YES;
				INFOPLIST_KEY_UILaunchStoryboardName = LaunchScreen;
				INFOPLIST_KEY_UIMainStoryboardFile = Main;
				INFOPLIST_KEY_UISupportedInterfaceOrientations_iPad = "UIInterfaceOrientationPortrait UIInterfaceOrientationPortraitUpsideDown UIInterfaceOrientationLandscapeLeft UIInterfaceOrientationLandscapeRight";
				INFOPLIST_KEY_UISupportedInterfaceOrientations_iPhone = "UIInterfaceOrientationPortrait UIInterfaceOrientationLandscapeLeft UIInterfaceOrientationLandscapeRight";
				LD_RUNPATH_SEARCH_PATHS = (
					"$(inherited)",
					"@executable_path/Frameworks",
				);
				MARKETING_VERSION = 1.0;
				PRODUCT_BUNDLE_IDENTIFIER = com.furnitures.TestPhoneVerification;
				PRODUCT_NAME = "$(TARGET_NAME)";
				PROVISIONING_PROFILE_SPECIFIER = "";
				SWIFT_EMIT_LOC_STRINGS = YES;
				SWIFT_OBJC_BRIDGING_HEADER = "TestPhoneVerification/Phone Verification/TestPhoneVerification-Bridging-Header.h";
				SWIFT_OPTIMIZATION_LEVEL = "-Onone";
				SWIFT_VERSION = 5.0;
				TARGETED_DEVICE_FAMILY = "1,2";
			};
			name = Debug;
		};
		C1AC753B299E148C0031D273 /* Release */ = {
			isa = XCBuildConfiguration;
			buildSettings = {
				ASSETCATALOG_COMPILER_APPICON_NAME = AppIcon;
				ASSETCATALOG_COMPILER_GLOBAL_ACCENT_COLOR_NAME = AccentColor;
				CLANG_ENABLE_MODULES = YES;
				CODE_SIGN_IDENTITY = "Apple Development";
				CODE_SIGN_STYLE = Automatic;
				CURRENT_PROJECT_VERSION = 1;
				DEVELOPMENT_TEAM = AA3GYJR89P;
				GENERATE_INFOPLIST_FILE = YES;
				INFOPLIST_FILE = TestPhoneVerification/Info.plist;
				INFOPLIST_KEY_UIApplicationSupportsIndirectInputEvents = YES;
				INFOPLIST_KEY_UILaunchStoryboardName = LaunchScreen;
				INFOPLIST_KEY_UIMainStoryboardFile = Main;
				INFOPLIST_KEY_UISupportedInterfaceOrientations_iPad = "UIInterfaceOrientationPortrait UIInterfaceOrientationPortraitUpsideDown UIInterfaceOrientationLandscapeLeft UIInterfaceOrientationLandscapeRight";
				INFOPLIST_KEY_UISupportedInterfaceOrientations_iPhone = "UIInterfaceOrientationPortrait UIInterfaceOrientationLandscapeLeft UIInterfaceOrientationLandscapeRight";
				LD_RUNPATH_SEARCH_PATHS = (
					"$(inherited)",
					"@executable_path/Frameworks",
				);
				MARKETING_VERSION = 1.0;
				PRODUCT_BUNDLE_IDENTIFIER = com.furnitures.TestPhoneVerification;
				PRODUCT_NAME = "$(TARGET_NAME)";
				PROVISIONING_PROFILE_SPECIFIER = "";
				SWIFT_EMIT_LOC_STRINGS = YES;
				SWIFT_OBJC_BRIDGING_HEADER = "TestPhoneVerification/Phone Verification/TestPhoneVerification-Bridging-Header.h";
				SWIFT_VERSION = 5.0;
				TARGETED_DEVICE_FAMILY = "1,2";
			};
			name = Release;
		};
		C1AC753D299E148C0031D273 /* Debug */ = {
			isa = XCBuildConfiguration;
			buildSettings = {
				ALWAYS_EMBED_SWIFT_STANDARD_LIBRARIES = YES;
				BUNDLE_LOADER = "$(TEST_HOST)";
				CODE_SIGN_STYLE = Automatic;
				CURRENT_PROJECT_VERSION = 1;
				GENERATE_INFOPLIST_FILE = YES;
				IPHONEOS_DEPLOYMENT_TARGET = 16.2;
				MARKETING_VERSION = 1.0;
				PRODUCT_BUNDLE_IDENTIFIER = com.furnitures.TestPhoneVerificationTests;
				PRODUCT_NAME = "$(TARGET_NAME)";
				SWIFT_EMIT_LOC_STRINGS = NO;
				SWIFT_VERSION = 5.0;
				TARGETED_DEVICE_FAMILY = "1,2";
				TEST_HOST = "$(BUILT_PRODUCTS_DIR)/TestPhoneVerification.app/$(BUNDLE_EXECUTABLE_FOLDER_PATH)/TestPhoneVerification";
			};
			name = Debug;
		};
		C1AC753E299E148C0031D273 /* Release */ = {
			isa = XCBuildConfiguration;
			buildSettings = {
				ALWAYS_EMBED_SWIFT_STANDARD_LIBRARIES = YES;
				BUNDLE_LOADER = "$(TEST_HOST)";
				CODE_SIGN_STYLE = Automatic;
				CURRENT_PROJECT_VERSION = 1;
				GENERATE_INFOPLIST_FILE = YES;
				IPHONEOS_DEPLOYMENT_TARGET = 16.2;
				MARKETING_VERSION = 1.0;
				PRODUCT_BUNDLE_IDENTIFIER = com.furnitures.TestPhoneVerificationTests;
				PRODUCT_NAME = "$(TARGET_NAME)";
				SWIFT_EMIT_LOC_STRINGS = NO;
				SWIFT_VERSION = 5.0;
				TARGETED_DEVICE_FAMILY = "1,2";
				TEST_HOST = "$(BUILT_PRODUCTS_DIR)/TestPhoneVerification.app/$(BUNDLE_EXECUTABLE_FOLDER_PATH)/TestPhoneVerification";
			};
			name = Release;
		};
		C1AC7540299E148C0031D273 /* Debug */ = {
			isa = XCBuildConfiguration;
			buildSettings = {
				ALWAYS_EMBED_SWIFT_STANDARD_LIBRARIES = YES;
				CODE_SIGN_STYLE = Automatic;
				CURRENT_PROJECT_VERSION = 1;
				GENERATE_INFOPLIST_FILE = YES;
				MARKETING_VERSION = 1.0;
				PRODUCT_BUNDLE_IDENTIFIER = com.furnitures.TestPhoneVerificationUITests;
				PRODUCT_NAME = "$(TARGET_NAME)";
				SWIFT_EMIT_LOC_STRINGS = NO;
				SWIFT_VERSION = 5.0;
				TARGETED_DEVICE_FAMILY = "1,2";
				TEST_TARGET_NAME = TestPhoneVerification;
			};
			name = Debug;
		};
		C1AC7541299E148C0031D273 /* Release */ = {
			isa = XCBuildConfiguration;
			buildSettings = {
				ALWAYS_EMBED_SWIFT_STANDARD_LIBRARIES = YES;
				CODE_SIGN_STYLE = Automatic;
				CURRENT_PROJECT_VERSION = 1;
				GENERATE_INFOPLIST_FILE = YES;
				MARKETING_VERSION = 1.0;
				PRODUCT_BUNDLE_IDENTIFIER = com.furnitures.TestPhoneVerificationUITests;
				PRODUCT_NAME = "$(TARGET_NAME)";
				SWIFT_EMIT_LOC_STRINGS = NO;
				SWIFT_VERSION = 5.0;
				TARGETED_DEVICE_FAMILY = "1,2";
				TEST_TARGET_NAME = TestPhoneVerification;
			};
			name = Release;
		};
/* End XCBuildConfiguration section */

/* Begin XCConfigurationList section */
		C1AC750A299E148A0031D273 /* Build configuration list for PBXProject "TestPhoneVerification" */ = {
			isa = XCConfigurationList;
			buildConfigurations = (
				C1AC7537299E148C0031D273 /* Debug */,
				C1AC7538299E148C0031D273 /* Release */,
			);
			defaultConfigurationIsVisible = 0;
			defaultConfigurationName = Release;
		};
		C1AC7539299E148C0031D273 /* Build configuration list for PBXNativeTarget "TestPhoneVerification" */ = {
			isa = XCConfigurationList;
			buildConfigurations = (
				C1AC753A299E148C0031D273 /* Debug */,
				C1AC753B299E148C0031D273 /* Release */,
			);
			defaultConfigurationIsVisible = 0;
			defaultConfigurationName = Release;
		};
		C1AC753C299E148C0031D273 /* Build configuration list for PBXNativeTarget "TestPhoneVerificationTests" */ = {
			isa = XCConfigurationList;
			buildConfigurations = (
				C1AC753D299E148C0031D273 /* Debug */,
				C1AC753E299E148C0031D273 /* Release */,
			);
			defaultConfigurationIsVisible = 0;
			defaultConfigurationName = Release;
		};
		C1AC753F299E148C0031D273 /* Build configuration list for PBXNativeTarget "TestPhoneVerificationUITests" */ = {
			isa = XCConfigurationList;
			buildConfigurations = (
				C1AC7540299E148C0031D273 /* Debug */,
				C1AC7541299E148C0031D273 /* Release */,
			);
			defaultConfigurationIsVisible = 0;
			defaultConfigurationName = Release;
		};
/* End XCConfigurationList section */
	};
	rootObject = C1AC7507299E148A0031D273 /* Project object */;
}
